// !$*UTF8*$!
{
	archiveVersion = 1;
	classes = {
	};
	objectVersion = 50;
	objects = {

/* Begin PBXBuildFile section */
		B2240DF460C06718F764BCF7 /* Pods_MainProject_MainProjectUITests.framework in Frameworks */ = {isa = PBXBuildFile; fileRef = 562350DD7209F8588424733D /* Pods_MainProject_MainProjectUITests.framework */; };
		BCFB4A4E254111090053F538 /* AppDelegate.swift in Sources */ = {isa = PBXBuildFile; fileRef = BCFB4A4D254111090053F538 /* AppDelegate.swift */; };
		BCFB4A50254111090053F538 /* SceneDelegate.swift in Sources */ = {isa = PBXBuildFile; fileRef = BCFB4A4F254111090053F538 /* SceneDelegate.swift */; };
		BCFB4A52254111090053F538 /* ViewController.swift in Sources */ = {isa = PBXBuildFile; fileRef = BCFB4A51254111090053F538 /* ViewController.swift */; };
		BCFB4A55254111090053F538 /* Main.storyboard in Resources */ = {isa = PBXBuildFile; fileRef = BCFB4A53254111090053F538 /* Main.storyboard */; };
		BCFB4A572541110B0053F538 /* Assets.xcassets in Resources */ = {isa = PBXBuildFile; fileRef = BCFB4A562541110B0053F538 /* Assets.xcassets */; };
		BCFB4A5A2541110B0053F538 /* LaunchScreen.storyboard in Resources */ = {isa = PBXBuildFile; fileRef = BCFB4A582541110B0053F538 /* LaunchScreen.storyboard */; };
		BCFB4A652541110C0053F538 /* MainProjectTests.swift in Sources */ = {isa = PBXBuildFile; fileRef = BCFB4A642541110C0053F538 /* MainProjectTests.swift */; };
		BCFB4A702541110C0053F538 /* MainProjectUITests.swift in Sources */ = {isa = PBXBuildFile; fileRef = BCFB4A6F2541110C0053F538 /* MainProjectUITests.swift */; };
		CC037209F4044F3E09AAF224 /* Pods_MainProjectTests.framework in Frameworks */ = {isa = PBXBuildFile; fileRef = FEEED8F2CB022B27B3B8C8D0 /* Pods_MainProjectTests.framework */; };
		D0791B28F367BEE166D3E18B /* Pods_MainProject.framework in Frameworks */ = {isa = PBXBuildFile; fileRef = A1E9BEB56461F1150510E207 /* Pods_MainProject.framework */; };
/* End PBXBuildFile section */

/* Begin PBXContainerItemProxy section */
		BCFB4A612541110C0053F538 /* PBXContainerItemProxy */ = {
			isa = PBXContainerItemProxy;
			containerPortal = BCFB4A42254111090053F538 /* Project object */;
			proxyType = 1;
			remoteGlobalIDString = BCFB4A49254111090053F538;
			remoteInfo = MainProject;
		};
		BCFB4A6C2541110C0053F538 /* PBXContainerItemProxy */ = {
			isa = PBXContainerItemProxy;
			containerPortal = BCFB4A42254111090053F538 /* Project object */;
			proxyType = 1;
			remoteGlobalIDString = BCFB4A49254111090053F538;
			remoteInfo = MainProject;
		};
/* End PBXContainerItemProxy section */

/* Begin PBXFileReference section */
		562350DD7209F8588424733D /* Pods_MainProject_MainProjectUITests.framework */ = {isa = PBXFileReference; explicitFileType = wrapper.framework; includeInIndex = 0; path = Pods_MainProject_MainProjectUITests.framework; sourceTree = BUILT_PRODUCTS_DIR; };
		6833192F38687BB25734DAC9 /* Pods-MainProject.debug.xcconfig */ = {isa = PBXFileReference; includeInIndex = 1; lastKnownFileType = text.xcconfig; name = "Pods-MainProject.debug.xcconfig"; path = "Target Support Files/Pods-MainProject/Pods-MainProject.debug.xcconfig"; sourceTree = "<group>"; };
		7FA5E8BE773DF746D169D8E6 /* Pods-MainProject-MainProjectUITests.release.xcconfig */ = {isa = PBXFileReference; includeInIndex = 1; lastKnownFileType = text.xcconfig; name = "Pods-MainProject-MainProjectUITests.release.xcconfig"; path = "Target Support Files/Pods-MainProject-MainProjectUITests/Pods-MainProject-MainProjectUITests.release.xcconfig"; sourceTree = "<group>"; };
		A1E9BEB56461F1150510E207 /* Pods_MainProject.framework */ = {isa = PBXFileReference; explicitFileType = wrapper.framework; includeInIndex = 0; path = Pods_MainProject.framework; sourceTree = BUILT_PRODUCTS_DIR; };
		BCFB4A4A254111090053F538 /* MainProject.app */ = {isa = PBXFileReference; explicitFileType = wrapper.application; includeInIndex = 0; path = MainProject.app; sourceTree = BUILT_PRODUCTS_DIR; };
		BCFB4A4D254111090053F538 /* AppDelegate.swift */ = {isa = PBXFileReference; lastKnownFileType = sourcecode.swift; path = AppDelegate.swift; sourceTree = "<group>"; };
		BCFB4A4F254111090053F538 /* SceneDelegate.swift */ = {isa = PBXFileReference; lastKnownFileType = sourcecode.swift; path = SceneDelegate.swift; sourceTree = "<group>"; };
		BCFB4A51254111090053F538 /* ViewController.swift */ = {isa = PBXFileReference; lastKnownFileType = sourcecode.swift; path = ViewController.swift; sourceTree = "<group>"; };
		BCFB4A54254111090053F538 /* Base */ = {isa = PBXFileReference; lastKnownFileType = file.storyboard; name = Base; path = Base.lproj/Main.storyboard; sourceTree = "<group>"; };
		BCFB4A562541110B0053F538 /* Assets.xcassets */ = {isa = PBXFileReference; lastKnownFileType = folder.assetcatalog; path = Assets.xcassets; sourceTree = "<group>"; };
		BCFB4A592541110B0053F538 /* Base */ = {isa = PBXFileReference; lastKnownFileType = file.storyboard; name = Base; path = Base.lproj/LaunchScreen.storyboard; sourceTree = "<group>"; };
		BCFB4A5B2541110B0053F538 /* Info.plist */ = {isa = PBXFileReference; lastKnownFileType = text.plist.xml; path = Info.plist; sourceTree = "<group>"; };
		BCFB4A602541110C0053F538 /* MainProjectTests.xctest */ = {isa = PBXFileReference; explicitFileType = wrapper.cfbundle; includeInIndex = 0; path = MainProjectTests.xctest; sourceTree = BUILT_PRODUCTS_DIR; };
		BCFB4A642541110C0053F538 /* MainProjectTests.swift */ = {isa = PBXFileReference; lastKnownFileType = sourcecode.swift; path = MainProjectTests.swift; sourceTree = "<group>"; };
		BCFB4A662541110C0053F538 /* Info.plist */ = {isa = PBXFileReference; lastKnownFileType = text.plist.xml; path = Info.plist; sourceTree = "<group>"; };
		BCFB4A6B2541110C0053F538 /* MainProjectUITests.xctest */ = {isa = PBXFileReference; explicitFileType = wrapper.cfbundle; includeInIndex = 0; path = MainProjectUITests.xctest; sourceTree = BUILT_PRODUCTS_DIR; };
		BCFB4A6F2541110C0053F538 /* MainProjectUITests.swift */ = {isa = PBXFileReference; lastKnownFileType = sourcecode.swift; path = MainProjectUITests.swift; sourceTree = "<group>"; };
		BCFB4A712541110C0053F538 /* Info.plist */ = {isa = PBXFileReference; lastKnownFileType = text.plist.xml; path = Info.plist; sourceTree = "<group>"; };
		C44E8FCD98264228805B7DFD /* Pods-MainProject.release.xcconfig */ = {isa = PBXFileReference; includeInIndex = 1; lastKnownFileType = text.xcconfig; name = "Pods-MainProject.release.xcconfig"; path = "Target Support Files/Pods-MainProject/Pods-MainProject.release.xcconfig"; sourceTree = "<group>"; };
		CF8827661F679216D4E01E92 /* Pods-MainProjectTests.debug.xcconfig */ = {isa = PBXFileReference; includeInIndex = 1; lastKnownFileType = text.xcconfig; name = "Pods-MainProjectTests.debug.xcconfig"; path = "Target Support Files/Pods-MainProjectTests/Pods-MainProjectTests.debug.xcconfig"; sourceTree = "<group>"; };
		D57F8CA18E884344F8618D71 /* Pods-MainProjectTests.release.xcconfig */ = {isa = PBXFileReference; includeInIndex = 1; lastKnownFileType = text.xcconfig; name = "Pods-MainProjectTests.release.xcconfig"; path = "Target Support Files/Pods-MainProjectTests/Pods-MainProjectTests.release.xcconfig"; sourceTree = "<group>"; };
		DC1A86E06A091707D0E06FC1 /* Pods-MainProject-MainProjectUITests.debug.xcconfig */ = {isa = PBXFileReference; includeInIndex = 1; lastKnownFileType = text.xcconfig; name = "Pods-MainProject-MainProjectUITests.debug.xcconfig"; path = "Target Support Files/Pods-MainProject-MainProjectUITests/Pods-MainProject-MainProjectUITests.debug.xcconfig"; sourceTree = "<group>"; };
		FEEED8F2CB022B27B3B8C8D0 /* Pods_MainProjectTests.framework */ = {isa = PBXFileReference; explicitFileType = wrapper.framework; includeInIndex = 0; path = Pods_MainProjectTests.framework; sourceTree = BUILT_PRODUCTS_DIR; };
/* End PBXFileReference section */

/* Begin PBXFrameworksBuildPhase section */
		BCFB4A47254111090053F538 /* Frameworks */ = {
			isa = PBXFrameworksBuildPhase;
			buildActionMask = 2147483647;
			files = (
				D0791B28F367BEE166D3E18B /* Pods_MainProject.framework in Frameworks */,
			);
			runOnlyForDeploymentPostprocessing = 0;
		};
		BCFB4A5D2541110C0053F538 /* Frameworks */ = {
			isa = PBXFrameworksBuildPhase;
			buildActionMask = 2147483647;
			files = (
				CC037209F4044F3E09AAF224 /* Pods_MainProjectTests.framework in Frameworks */,
			);
			runOnlyForDeploymentPostprocessing = 0;
		};
		BCFB4A682541110C0053F538 /* Frameworks */ = {
			isa = PBXFrameworksBuildPhase;
			buildActionMask = 2147483647;
			files = (
				B2240DF460C06718F764BCF7 /* Pods_MainProject_MainProjectUITests.framework in Frameworks */,
			);
			runOnlyForDeploymentPostprocessing = 0;
		};
/* End PBXFrameworksBuildPhase section */

/* Begin PBXGroup section */
		4C17DA677D94D2206296F18C /* Frameworks */ = {
			isa = PBXGroup;
			children = (
				A1E9BEB56461F1150510E207 /* Pods_MainProject.framework */,
				562350DD7209F8588424733D /* Pods_MainProject_MainProjectUITests.framework */,
				FEEED8F2CB022B27B3B8C8D0 /* Pods_MainProjectTests.framework */,
			);
			name = Frameworks;
			sourceTree = "<group>";
		};
		80152ECD4EA80F451D6923EE /* Pods */ = {
			isa = PBXGroup;
			children = (
				6833192F38687BB25734DAC9 /* Pods-MainProject.debug.xcconfig */,
				C44E8FCD98264228805B7DFD /* Pods-MainProject.release.xcconfig */,
				DC1A86E06A091707D0E06FC1 /* Pods-MainProject-MainProjectUITests.debug.xcconfig */,
				7FA5E8BE773DF746D169D8E6 /* Pods-MainProject-MainProjectUITests.release.xcconfig */,
				CF8827661F679216D4E01E92 /* Pods-MainProjectTests.debug.xcconfig */,
				D57F8CA18E884344F8618D71 /* Pods-MainProjectTests.release.xcconfig */,
			);
			name = Pods;
			path = Pods;
			sourceTree = "<group>";
		};
		BCFB4A41254111090053F538 = {
			isa = PBXGroup;
			children = (
				BCFB4A4C254111090053F538 /* MainProject */,
				BCFB4A632541110C0053F538 /* MainProjectTests */,
				BCFB4A6E2541110C0053F538 /* MainProjectUITests */,
				BCFB4A4B254111090053F538 /* Products */,
				80152ECD4EA80F451D6923EE /* Pods */,
				4C17DA677D94D2206296F18C /* Frameworks */,
			);
			sourceTree = "<group>";
		};
		BCFB4A4B254111090053F538 /* Products */ = {
			isa = PBXGroup;
			children = (
				BCFB4A4A254111090053F538 /* MainProject.app */,
				BCFB4A602541110C0053F538 /* MainProjectTests.xctest */,
				BCFB4A6B2541110C0053F538 /* MainProjectUITests.xctest */,
			);
			name = Products;
			sourceTree = "<group>";
		};
		BCFB4A4C254111090053F538 /* MainProject */ = {
			isa = PBXGroup;
			children = (
				BCFB4A4D254111090053F538 /* AppDelegate.swift */,
				BCFB4A4F254111090053F538 /* SceneDelegate.swift */,
				BCFB4A51254111090053F538 /* ViewController.swift */,
				BCFB4A53254111090053F538 /* Main.storyboard */,
				BCFB4A562541110B0053F538 /* Assets.xcassets */,
				BCFB4A582541110B0053F538 /* LaunchScreen.storyboard */,
				BCFB4A5B2541110B0053F538 /* Info.plist */,
			);
			path = MainProject;
			sourceTree = "<group>";
		};
		BCFB4A632541110C0053F538 /* MainProjectTests */ = {
			isa = PBXGroup;
			children = (
				BCFB4A642541110C0053F538 /* MainProjectTests.swift */,
				BCFB4A662541110C0053F538 /* Info.plist */,
			);
			path = MainProjectTests;
			sourceTree = "<group>";
		};
		BCFB4A6E2541110C0053F538 /* MainProjectUITests */ = {
			isa = PBXGroup;
			children = (
				BCFB4A6F2541110C0053F538 /* MainProjectUITests.swift */,
				BCFB4A712541110C0053F538 /* Info.plist */,
			);
			path = MainProjectUITests;
			sourceTree = "<group>";
		};
/* End PBXGroup section */

/* Begin PBXNativeTarget section */
		BCFB4A49254111090053F538 /* MainProject */ = {
			isa = PBXNativeTarget;
			buildConfigurationList = BCFB4A742541110C0053F538 /* Build configuration list for PBXNativeTarget "MainProject" */;
			buildPhases = (
				6C5F74759E2980F176D76036 /* [CP] Check Pods Manifest.lock */,
				BCFB4A46254111090053F538 /* Sources */,
				BCFB4A47254111090053F538 /* Frameworks */,
				BCFB4A48254111090053F538 /* Resources */,
				87EA1BBEB909A3B8D45E8464 /* [CP] Embed Pods Frameworks */,
			);
			buildRules = (
			);
			dependencies = (
			);
			name = MainProject;
			productName = MainProject;
			productReference = BCFB4A4A254111090053F538 /* MainProject.app */;
			productType = "com.apple.product-type.application";
		};
		BCFB4A5F2541110C0053F538 /* MainProjectTests */ = {
			isa = PBXNativeTarget;
			buildConfigurationList = BCFB4A772541110C0053F538 /* Build configuration list for PBXNativeTarget "MainProjectTests" */;
			buildPhases = (
				97D8E82F5506B29BABA87311 /* [CP] Check Pods Manifest.lock */,
				BCFB4A5C2541110C0053F538 /* Sources */,
				BCFB4A5D2541110C0053F538 /* Frameworks */,
				BCFB4A5E2541110C0053F538 /* Resources */,
			);
			buildRules = (
			);
			dependencies = (
				BCFB4A622541110C0053F538 /* PBXTargetDependency */,
			);
			name = MainProjectTests;
			productName = MainProjectTests;
			productReference = BCFB4A602541110C0053F538 /* MainProjectTests.xctest */;
			productType = "com.apple.product-type.bundle.unit-test";
		};
		BCFB4A6A2541110C0053F538 /* MainProjectUITests */ = {
			isa = PBXNativeTarget;
			buildConfigurationList = BCFB4A7A2541110C0053F538 /* Build configuration list for PBXNativeTarget "MainProjectUITests" */;
			buildPhases = (
				03F1A516CCFF619DD029D527 /* [CP] Check Pods Manifest.lock */,
				BCFB4A672541110C0053F538 /* Sources */,
				BCFB4A682541110C0053F538 /* Frameworks */,
				BCFB4A692541110C0053F538 /* Resources */,
				F0D9802844005AA473017AA6 /* [CP] Embed Pods Frameworks */,
			);
			buildRules = (
			);
			dependencies = (
				BCFB4A6D2541110C0053F538 /* PBXTargetDependency */,
			);
			name = MainProjectUITests;
			productName = MainProjectUITests;
			productReference = BCFB4A6B2541110C0053F538 /* MainProjectUITests.xctest */;
			productType = "com.apple.product-type.bundle.ui-testing";
		};
/* End PBXNativeTarget section */

/* Begin PBXProject section */
		BCFB4A42254111090053F538 /* Project object */ = {
			isa = PBXProject;
			attributes = {
				LastSwiftUpdateCheck = 1210;
				LastUpgradeCheck = 1210;
				TargetAttributes = {
					BCFB4A49254111090053F538 = {
						CreatedOnToolsVersion = 12.1;
					};
					BCFB4A5F2541110C0053F538 = {
						CreatedOnToolsVersion = 12.1;
						TestTargetID = BCFB4A49254111090053F538;
					};
					BCFB4A6A2541110C0053F538 = {
						CreatedOnToolsVersion = 12.1;
						TestTargetID = BCFB4A49254111090053F538;
					};
				};
			};
			buildConfigurationList = BCFB4A45254111090053F538 /* Build configuration list for PBXProject "MainProject" */;
			compatibilityVersion = "Xcode 9.3";
			developmentRegion = en;
			hasScannedForEncodings = 0;
			knownRegions = (
				en,
				Base,
			);
			mainGroup = BCFB4A41254111090053F538;
			productRefGroup = BCFB4A4B254111090053F538 /* Products */;
			projectDirPath = "";
			projectRoot = "";
			targets = (
				BCFB4A49254111090053F538 /* MainProject */,
				BCFB4A5F2541110C0053F538 /* MainProjectTests */,
				BCFB4A6A2541110C0053F538 /* MainProjectUITests */,
			);
		};
/* End PBXProject section */

/* Begin PBXResourcesBuildPhase section */
		BCFB4A48254111090053F538 /* Resources */ = {
			isa = PBXResourcesBuildPhase;
			buildActionMask = 2147483647;
			files = (
				BCFB4A5A2541110B0053F538 /* LaunchScreen.storyboard in Resources */,
				BCFB4A572541110B0053F538 /* Assets.xcassets in Resources */,
				BCFB4A55254111090053F538 /* Main.storyboard in Resources */,
			);
			runOnlyForDeploymentPostprocessing = 0;
		};
		BCFB4A5E2541110C0053F538 /* Resources */ = {
			isa = PBXResourcesBuildPhase;
			buildActionMask = 2147483647;
			files = (
			);
			runOnlyForDeploymentPostprocessing = 0;
		};
		BCFB4A692541110C0053F538 /* Resources */ = {
			isa = PBXResourcesBuildPhase;
			buildActionMask = 2147483647;
			files = (
			);
			runOnlyForDeploymentPostprocessing = 0;
		};
/* End PBXResourcesBuildPhase section */

/* Begin PBXShellScriptBuildPhase section */
		03F1A516CCFF619DD029D527 /* [CP] Check Pods Manifest.lock */ = {
			isa = PBXShellScriptBuildPhase;
			buildActionMask = 2147483647;
			files = (
			);
			inputFileListPaths = (
			);
			inputPaths = (
				"${PODS_PODFILE_DIR_PATH}/Podfile.lock",
				"${PODS_ROOT}/Manifest.lock",
			);
			name = "[CP] Check Pods Manifest.lock";
			outputFileListPaths = (
			);
			outputPaths = (
				"$(DERIVED_FILE_DIR)/Pods-MainProject-MainProjectUITests-checkManifestLockResult.txt",
			);
			runOnlyForDeploymentPostprocessing = 0;
			shellPath = /bin/sh;
			shellScript = "diff \"${PODS_PODFILE_DIR_PATH}/Podfile.lock\" \"${PODS_ROOT}/Manifest.lock\" > /dev/null\nif [ $? != 0 ] ; then\n    # print error to STDERR\n    echo \"error: The sandbox is not in sync with the Podfile.lock. Run 'pod install' or update your CocoaPods installation.\" >&2\n    exit 1\nfi\n# This output is used by Xcode 'outputs' to avoid re-running this script phase.\necho \"SUCCESS\" > \"${SCRIPT_OUTPUT_FILE_0}\"\n";
			showEnvVarsInLog = 0;
		};
		6C5F74759E2980F176D76036 /* [CP] Check Pods Manifest.lock */ = {
			isa = PBXShellScriptBuildPhase;
			buildActionMask = 2147483647;
			files = (
			);
			inputFileListPaths = (
			);
			inputPaths = (
				"${PODS_PODFILE_DIR_PATH}/Podfile.lock",
				"${PODS_ROOT}/Manifest.lock",
			);
			name = "[CP] Check Pods Manifest.lock";
			outputFileListPaths = (
			);
			outputPaths = (
				"$(DERIVED_FILE_DIR)/Pods-MainProject-checkManifestLockResult.txt",
			);
			runOnlyForDeploymentPostprocessing = 0;
			shellPath = /bin/sh;
			shellScript = "diff \"${PODS_PODFILE_DIR_PATH}/Podfile.lock\" \"${PODS_ROOT}/Manifest.lock\" > /dev/null\nif [ $? != 0 ] ; then\n    # print error to STDERR\n    echo \"error: The sandbox is not in sync with the Podfile.lock. Run 'pod install' or update your CocoaPods installation.\" >&2\n    exit 1\nfi\n# This output is used by Xcode 'outputs' to avoid re-running this script phase.\necho \"SUCCESS\" > \"${SCRIPT_OUTPUT_FILE_0}\"\n";
			showEnvVarsInLog = 0;
		};
		87EA1BBEB909A3B8D45E8464 /* [CP] Embed Pods Frameworks */ = {
			isa = PBXShellScriptBuildPhase;
			buildActionMask = 2147483647;
			files = (
			);
			inputFileListPaths = (
				"${PODS_ROOT}/Target Support Files/Pods-MainProject/Pods-MainProject-frameworks-${CONFIGURATION}-input-files.xcfilelist",
			);
			name = "[CP] Embed Pods Frameworks";
			outputFileListPaths = (
				"${PODS_ROOT}/Target Support Files/Pods-MainProject/Pods-MainProject-frameworks-${CONFIGURATION}-output-files.xcfilelist",
			);
			runOnlyForDeploymentPostprocessing = 0;
			shellPath = /bin/sh;
			shellScript = "\"${PODS_ROOT}/Target Support Files/Pods-MainProject/Pods-MainProject-frameworks.sh\"\n";
			showEnvVarsInLog = 0;
		};
		97D8E82F5506B29BABA87311 /* [CP] Check Pods Manifest.lock */ = {
			isa = PBXShellScriptBuildPhase;
			buildActionMask = 2147483647;
			files = (
			);
			inputFileListPaths = (
			);
			inputPaths = (
				"${PODS_PODFILE_DIR_PATH}/Podfile.lock",
				"${PODS_ROOT}/Manifest.lock",
			);
			name = "[CP] Check Pods Manifest.lock";
			outputFileListPaths = (
			);
			outputPaths = (
				"$(DERIVED_FILE_DIR)/Pods-MainProjectTests-checkManifestLockResult.txt",
			);
			runOnlyForDeploymentPostprocessing = 0;
			shellPath = /bin/sh;
			shellScript = "diff \"${PODS_PODFILE_DIR_PATH}/Podfile.lock\" \"${PODS_ROOT}/Manifest.lock\" > /dev/null\nif [ $? != 0 ] ; then\n    # print error to STDERR\n    echo \"error: The sandbox is not in sync with the Podfile.lock. Run 'pod install' or update your CocoaPods installation.\" >&2\n    exit 1\nfi\n# This output is used by Xcode 'outputs' to avoid re-running this script phase.\necho \"SUCCESS\" > \"${SCRIPT_OUTPUT_FILE_0}\"\n";
			showEnvVarsInLog = 0;
		};
		F0D9802844005AA473017AA6 /* [CP] Embed Pods Frameworks */ = {
			isa = PBXShellScriptBuildPhase;
			buildActionMask = 2147483647;
			files = (
			);
			inputFileListPaths = (
				"${PODS_ROOT}/Target Support Files/Pods-MainProject-MainProjectUITests/Pods-MainProject-MainProjectUITests-frameworks-${CONFIGURATION}-input-files.xcfilelist",
			);
			name = "[CP] Embed Pods Frameworks";
			outputFileListPaths = (
				"${PODS_ROOT}/Target Support Files/Pods-MainProject-MainProjectUITests/Pods-MainProject-MainProjectUITests-frameworks-${CONFIGURATION}-output-files.xcfilelist",
			);
			runOnlyForDeploymentPostprocessing = 0;
			shellPath = /bin/sh;
			shellScript = "\"${PODS_ROOT}/Target Support Files/Pods-MainProject-MainProjectUITests/Pods-MainProject-MainProjectUITests-frameworks.sh\"\n";
			showEnvVarsInLog = 0;
		};
/* End PBXShellScriptBuildPhase section */

/* Begin PBXSourcesBuildPhase section */
		BCFB4A46254111090053F538 /* Sources */ = {
			isa = PBXSourcesBuildPhase;
			buildActionMask = 2147483647;
			files = (
				BCFB4A52254111090053F538 /* ViewController.swift in Sources */,
				BCFB4A4E254111090053F538 /* AppDelegate.swift in Sources */,
				BCFB4A50254111090053F538 /* SceneDelegate.swift in Sources */,
			);
			runOnlyForDeploymentPostprocessing = 0;
		};
		BCFB4A5C2541110C0053F538 /* Sources */ = {
			isa = PBXSourcesBuildPhase;
			buildActionMask = 2147483647;
			files = (
				BCFB4A652541110C0053F538 /* MainProjectTests.swift in Sources */,
			);
			runOnlyForDeploymentPostprocessing = 0;
		};
		BCFB4A672541110C0053F538 /* Sources */ = {
			isa = PBXSourcesBuildPhase;
			buildActionMask = 2147483647;
			files = (
				BCFB4A702541110C0053F538 /* MainProjectUITests.swift in Sources */,
			);
			runOnlyForDeploymentPostprocessing = 0;
		};
/* End PBXSourcesBuildPhase section */

/* Begin PBXTargetDependency section */
		BCFB4A622541110C0053F538 /* PBXTargetDependency */ = {
			isa = PBXTargetDependency;
			target = BCFB4A49254111090053F538 /* MainProject */;
			targetProxy = BCFB4A612541110C0053F538 /* PBXContainerItemProxy */;
		};
		BCFB4A6D2541110C0053F538 /* PBXTargetDependency */ = {
			isa = PBXTargetDependency;
			target = BCFB4A49254111090053F538 /* MainProject */;
			targetProxy = BCFB4A6C2541110C0053F538 /* PBXContainerItemProxy */;
		};
/* End PBXTargetDependency section */

/* Begin PBXVariantGroup section */
		BCFB4A53254111090053F538 /* Main.storyboard */ = {
			isa = PBXVariantGroup;
			children = (
				BCFB4A54254111090053F538 /* Base */,
			);
			name = Main.storyboard;
			sourceTree = "<group>";
		};
		BCFB4A582541110B0053F538 /* LaunchScreen.storyboard */ = {
			isa = PBXVariantGroup;
			children = (
				BCFB4A592541110B0053F538 /* Base */,
			);
			name = LaunchScreen.storyboard;
			sourceTree = "<group>";
		};
/* End PBXVariantGroup section */

/* Begin XCBuildConfiguration section */
		BCFB4A722541110C0053F538 /* Debug */ = {
			isa = XCBuildConfiguration;
			buildSettings = {
				ALWAYS_SEARCH_USER_PATHS = NO;
				CLANG_ANALYZER_NONNULL = YES;
				CLANG_ANALYZER_NUMBER_OBJECT_CONVERSION = YES_AGGRESSIVE;
				CLANG_CXX_LANGUAGE_STANDARD = "gnu++14";
				CLANG_CXX_LIBRARY = "libc++";
				CLANG_ENABLE_MODULES = YES;
				CLANG_ENABLE_OBJC_ARC = YES;
				CLANG_ENABLE_OBJC_WEAK = YES;
				CLANG_WARN_BLOCK_CAPTURE_AUTORELEASING = YES;
				CLANG_WARN_BOOL_CONVERSION = YES;
				CLANG_WARN_COMMA = YES;
				CLANG_WARN_CONSTANT_CONVERSION = YES;
				CLANG_WARN_DEPRECATED_OBJC_IMPLEMENTATIONS = YES;
				CLANG_WARN_DIRECT_OBJC_ISA_USAGE = YES_ERROR;
				CLANG_WARN_DOCUMENTATION_COMMENTS = YES;
				CLANG_WARN_EMPTY_BODY = YES;
				CLANG_WARN_ENUM_CONVERSION = YES;
				CLANG_WARN_INFINITE_RECURSION = YES;
				CLANG_WARN_INT_CONVERSION = YES;
				CLANG_WARN_NON_LITERAL_NULL_CONVERSION = YES;
				CLANG_WARN_OBJC_IMPLICIT_RETAIN_SELF = YES;
				CLANG_WARN_OBJC_LITERAL_CONVERSION = YES;
				CLANG_WARN_OBJC_ROOT_CLASS = YES_ERROR;
				CLANG_WARN_QUOTED_INCLUDE_IN_FRAMEWORK_HEADER = YES;
				CLANG_WARN_RANGE_LOOP_ANALYSIS = YES;
				CLANG_WARN_STRICT_PROTOTYPES = YES;
				CLANG_WARN_SUSPICIOUS_MOVE = YES;
				CLANG_WARN_UNGUARDED_AVAILABILITY = YES_AGGRESSIVE;
				CLANG_WARN_UNREACHABLE_CODE = YES;
				CLANG_WARN__DUPLICATE_METHOD_MATCH = YES;
				COPY_PHASE_STRIP = NO;
				DEBUG_INFORMATION_FORMAT = dwarf;
				ENABLE_STRICT_OBJC_MSGSEND = YES;
				ENABLE_TESTABILITY = YES;
				GCC_C_LANGUAGE_STANDARD = gnu11;
				GCC_DYNAMIC_NO_PIC = NO;
				GCC_NO_COMMON_BLOCKS = YES;
				GCC_OPTIMIZATION_LEVEL = 0;
				GCC_PREPROCESSOR_DEFINITIONS = (
					"DEBUG=1",
					"$(inherited)",
				);
				GCC_WARN_64_TO_32_BIT_CONVERSION = YES;
				GCC_WARN_ABOUT_RETURN_TYPE = YES_ERROR;
				GCC_WARN_UNDECLARED_SELECTOR = YES;
				GCC_WARN_UNINITIALIZED_AUTOS = YES_AGGRESSIVE;
				GCC_WARN_UNUSED_FUNCTION = YES;
				GCC_WARN_UNUSED_VARIABLE = YES;
				IPHONEOS_DEPLOYMENT_TARGET = 14.1;
				MTL_ENABLE_DEBUG_INFO = INCLUDE_SOURCE;
				MTL_FAST_MATH = YES;
				ONLY_ACTIVE_ARCH = YES;
				SDKROOT = iphoneos;
				SWIFT_ACTIVE_COMPILATION_CONDITIONS = DEBUG;
				SWIFT_OPTIMIZATION_LEVEL = "-Onone";
			};
			name = Debug;
		};
		BCFB4A732541110C0053F538 /* Release */ = {
			isa = XCBuildConfiguration;
			buildSettings = {
				ALWAYS_SEARCH_USER_PATHS = NO;
				CLANG_ANALYZER_NONNULL = YES;
				CLANG_ANALYZER_NUMBER_OBJECT_CONVERSION = YES_AGGRESSIVE;
				CLANG_CXX_LANGUAGE_STANDARD = "gnu++14";
				CLANG_CXX_LIBRARY = "libc++";
				CLANG_ENABLE_MODULES = YES;
				CLANG_ENABLE_OBJC_ARC = YES;
				CLANG_ENABLE_OBJC_WEAK = YES;
				CLANG_WARN_BLOCK_CAPTURE_AUTORELEASING = YES;
				CLANG_WARN_BOOL_CONVERSION = YES;
				CLANG_WARN_COMMA = YES;
				CLANG_WARN_CONSTANT_CONVERSION = YES;
				CLANG_WARN_DEPRECATED_OBJC_IMPLEMENTATIONS = YES;
				CLANG_WARN_DIRECT_OBJC_ISA_USAGE = YES_ERROR;
				CLANG_WARN_DOCUMENTATION_COMMENTS = YES;
				CLANG_WARN_EMPTY_BODY = YES;
				CLANG_WARN_ENUM_CONVERSION = YES;
				CLANG_WARN_INFINITE_RECURSION = YES;
				CLANG_WARN_INT_CONVERSION = YES;
				CLANG_WARN_NON_LITERAL_NULL_CONVERSION = YES;
				CLANG_WARN_OBJC_IMPLICIT_RETAIN_SELF = YES;
				CLANG_WARN_OBJC_LITERAL_CONVERSION = YES;
				CLANG_WARN_OBJC_ROOT_CLASS = YES_ERROR;
				CLANG_WARN_QUOTED_INCLUDE_IN_FRAMEWORK_HEADER = YES;
				CLANG_WARN_RANGE_LOOP_ANALYSIS = YES;
				CLANG_WARN_STRICT_PROTOTYPES = YES;
				CLANG_WARN_SUSPICIOUS_MOVE = YES;
				CLANG_WARN_UNGUARDED_AVAILABILITY = YES_AGGRESSIVE;
				CLANG_WARN_UNREACHABLE_CODE = YES;
				CLANG_WARN__DUPLICATE_METHOD_MATCH = YES;
				COPY_PHASE_STRIP = NO;
				DEBUG_INFORMATION_FORMAT = "dwarf-with-dsym";
				ENABLE_NS_ASSERTIONS = NO;
				ENABLE_STRICT_OBJC_MSGSEND = YES;
				GCC_C_LANGUAGE_STANDARD = gnu11;
				GCC_NO_COMMON_BLOCKS = YES;
				GCC_WARN_64_TO_32_BIT_CONVERSION = YES;
				GCC_WARN_ABOUT_RETURN_TYPE = YES_ERROR;
				GCC_WARN_UNDECLARED_SELECTOR = YES;
				GCC_WARN_UNINITIALIZED_AUTOS = YES_AGGRESSIVE;
				GCC_WARN_UNUSED_FUNCTION = YES;
				GCC_WARN_UNUSED_VARIABLE = YES;
				IPHONEOS_DEPLOYMENT_TARGET = 14.1;
				MTL_ENABLE_DEBUG_INFO = NO;
				MTL_FAST_MATH = YES;
				SDKROOT = iphoneos;
				SWIFT_COMPILATION_MODE = wholemodule;
				SWIFT_OPTIMIZATION_LEVEL = "-O";
				VALIDATE_PRODUCT = YES;
			};
			name = Release;
		};
		BCFB4A752541110C0053F538 /* Debug */ = {
			isa = XCBuildConfiguration;
			baseConfigurationReference = 6833192F38687BB25734DAC9 /* Pods-MainProject.debug.xcconfig */;
			buildSettings = {
				ASSETCATALOG_COMPILER_APPICON_NAME = AppIcon;
				ASSETCATALOG_COMPILER_GLOBAL_ACCENT_COLOR_NAME = AccentColor;
				CODE_SIGN_STYLE = Automatic;
				DEVELOPMENT_TEAM = YW25G7UN2Y;
				INFOPLIST_FILE = MainProject/Info.plist;
				LD_RUNPATH_SEARCH_PATHS = (
					"$(inherited)",
					"@executable_path/Frameworks",
				);
				PRODUCT_BUNDLE_IDENTIFIER = com.happy.lingjie.MainProject;
				PRODUCT_NAME = "$(TARGET_NAME)";
				SWIFT_VERSION = 5.0;
				TARGETED_DEVICE_FAMILY = "1,2";
			};
			name = Debug;
		};
		BCFB4A762541110C0053F538 /* Release */ = {
			isa = XCBuildConfiguration;
			baseConfigurationReference = C44E8FCD98264228805B7DFD /* Pods-MainProject.release.xcconfig */;
			buildSettings = {
				ASSETCATALOG_COMPILER_APPICON_NAME = AppIcon;
				ASSETCATALOG_COMPILER_GLOBAL_ACCENT_COLOR_NAME = AccentColor;
				CODE_SIGN_STYLE = Automatic;
				DEVELOPMENT_TEAM = YW25G7UN2Y;
				INFOPLIST_FILE = MainProject/Info.plist;
				LD_RUNPATH_SEARCH_PATHS = (
					"$(inherited)",
					"@executable_path/Frameworks",
				);
				PRODUCT_BUNDLE_IDENTIFIER = com.happy.lingjie.MainProject;
				PRODUCT_NAME = "$(TARGET_NAME)";
				SWIFT_VERSION = 5.0;
				TARGETED_DEVICE_FAMILY = "1,2";
			};
			name = Release;
		};
		BCFB4A782541110C0053F538 /* Debug */ = {
			isa = XCBuildConfiguration;
			baseConfigurationReference = CF8827661F679216D4E01E92 /* Pods-MainProjectTests.debug.xcconfig */;
			buildSettings = {
				ALWAYS_EMBED_SWIFT_STANDARD_LIBRARIES = YES;
				BUNDLE_LOADER = "$(TEST_HOST)";
				CODE_SIGN_STYLE = Automatic;
				DEVELOPMENT_TEAM = YW25G7UN2Y;
				INFOPLIST_FILE = MainProjectTests/Info.plist;
				IPHONEOS_DEPLOYMENT_TARGET = 14.1;
				LD_RUNPATH_SEARCH_PATHS = (
					"$(inherited)",
					"@executable_path/Frameworks",
					"@loader_path/Frameworks",
				);
				PRODUCT_BUNDLE_IDENTIFIER = com.happy.lingjie.MainProjectTests;
				PRODUCT_NAME = "$(TARGET_NAME)";
				SWIFT_VERSION = 5.0;
				TARGETED_DEVICE_FAMILY = "1,2";
				TEST_HOST = "$(BUILT_PRODUCTS_DIR)/MainProject.app/MainProject";
			};
			name = Debug;
		};
		BCFB4A792541110C0053F538 /* Release */ = {
			isa = XCBuildConfiguration;
			baseConfigurationReference = D57F8CA18E884344F8618D71 /* Pods-MainProjectTests.release.xcconfig */;
			buildSettings = {
				ALWAYS_EMBED_SWIFT_STANDARD_LIBRARIES = YES;
				BUNDLE_LOADER = "$(TEST_HOST)";
				CODE_SIGN_STYLE = Automatic;
				DEVELOPMENT_TEAM = YW25G7UN2Y;
				INFOPLIST_FILE = MainProjectTests/Info.plist;
				IPHONEOS_DEPLOYMENT_TARGET = 14.1;
				LD_RUNPATH_SEARCH_PATHS = (
					"$(inherited)",
					"@executable_path/Frameworks",
					"@loader_path/Frameworks",
				);
				PRODUCT_BUNDLE_IDENTIFIER = com.happy.lingjie.MainProjectTests;
				PRODUCT_NAME = "$(TARGET_NAME)";
				SWIFT_VERSION = 5.0;
				TARGETED_DEVICE_FAMILY = "1,2";
				TEST_HOST = "$(BUILT_PRODUCTS_DIR)/MainProject.app/MainProject";
			};
			name = Release;
		};
		BCFB4A7B2541110C0053F538 /* Debug */ = {
			isa = XCBuildConfiguration;
			baseConfigurationReference = DC1A86E06A091707D0E06FC1 /* Pods-MainProject-MainProjectUITests.debug.xcconfig */;
			buildSettings = {
				ALWAYS_EMBED_SWIFT_STANDARD_LIBRARIES = YES;
				CODE_SIGN_STYLE = Automatic;
				DEVELOPMENT_TEAM = YW25G7UN2Y;
				INFOPLIST_FILE = MainProjectUITests/Info.plist;
				LD_RUNPATH_SEARCH_PATHS = (
					"$(inherited)",
					"@executable_path/Frameworks",
					"@loader_path/Frameworks",
				);
				PRODUCT_BUNDLE_IDENTIFIER = com.happy.lingjie.MainProjectUITests;
				PRODUCT_NAME = "$(TARGET_NAME)";
				SWIFT_VERSION = 5.0;
				TARGETED_DEVICE_FAMILY = "1,2";
				TEST_TARGET_NAME = MainProject;
			};
			name = Debug;
		};
		BCFB4A7C2541110C0053F538 /* Release */ = {
			isa = XCBuildConfiguration;
			baseConfigurationReference = 7FA5E8BE773DF746D169D8E6 /* Pods-MainProject-MainProjectUITests.release.xcconfig */;
			buildSettings = {
				ALWAYS_EMBED_SWIFT_STANDARD_LIBRARIES = YES;
				CODE_SIGN_STYLE = Automatic;
				DEVELOPMENT_TEAM = YW25G7UN2Y;
				INFOPLIST_FILE = MainProjectUITests/Info.plist;
				LD_RUNPATH_SEARCH_PATHS = (
					"$(inherited)",
					"@executable_path/Frameworks",
					"@loader_path/Frameworks",
				);
				PRODUCT_BUNDLE_IDENTIFIER = com.happy.lingjie.MainProjectUITests;
				PRODUCT_NAME = "$(TARGET_NAME)";
				SWIFT_VERSION = 5.0;
				TARGETED_DEVICE_FAMILY = "1,2";
				TEST_TARGET_NAME = MainProject;
			};
			name = Release;
		};
/* End XCBuildConfiguration section */

/* Begin XCConfigurationList section */
		BCFB4A45254111090053F538 /* Build configuration list for PBXProject "MainProject" */ = {
			isa = XCConfigurationList;
			buildConfigurations = (
				BCFB4A722541110C0053F538 /* Debug */,
				BCFB4A732541110C0053F538 /* Release */,
			);
			defaultConfigurationIsVisible = 0;
			defaultConfigurationName = Release;
		};
		BCFB4A742541110C0053F538 /* Build configuration list for PBXNativeTarget "MainProject" */ = {
			isa = XCConfigurationList;
			buildConfigurations = (
				BCFB4A752541110C0053F538 /* Debug */,
				BCFB4A762541110C0053F538 /* Release */,
			);
			defaultConfigurationIsVisible = 0;
			defaultConfigurationName = Release;
		};
		BCFB4A772541110C0053F538 /* Build configuration list for PBXNativeTarget "MainProjectTests" */ = {
			isa = XCConfigurationList;
			buildConfigurations = (
				BCFB4A782541110C0053F538 /* Debug */,
				BCFB4A792541110C0053F538 /* Release */,
			);
			defaultConfigurationIsVisible = 0;
			defaultConfigurationName = Release;
		};
		BCFB4A7A2541110C0053F538 /* Build configuration list for PBXNativeTarget "MainProjectUITests" */ = {
			isa = XCConfigurationList;
			buildConfigurations = (
				BCFB4A7B2541110C0053F538 /* Debug */,
				BCFB4A7C2541110C0053F538 /* Release */,
			);
			defaultConfigurationIsVisible = 0;
			defaultConfigurationName = Release;
		};
/* End XCConfigurationList section */
	};
	rootObject = BCFB4A42254111090053F538 /* Project object */;
}
